Microsoft Visual Studio Solution File, Format Version 12.00
# Visual Studio Version 17
VisualStudioVersion = 17.5.2.0
MinimumVisualStudioVersion = 10.0.40219.1
Project("{FAE04EC0-301F-11D3-BF4B-00C04F79EFBC}") = "BackendLibrary", "BackendLibrary\BackendLibrary.csproj", "{F6105164-52E6-64DE-A028-CC0F8DF45D58}"
EndProject
Global
	GlobalSection(SolutionConfigurationPlatforms) = preSolution
		Debug|Any CPU = Debug|Any CPU
		Release|Any CPU = Release|Any CPU
	EndGlobalSection
	GlobalSection(ProjectConfigurationPlatforms) = postSolution
		{F6105164-52E6-64DE-A028-CC0F8DF45D58}.Debug|Any CPU.ActiveCfg = Debug|Any CPU
		{F6105164-52E6-64DE-A028-CC0F8DF45D58}.Debug|Any CPU.Build.0 = Debug|Any CPU
		{F6105164-52E6-64DE-A028-CC0F8DF45D58}.Release|Any CPU.ActiveCfg = Release|Any CPU
		{F6105164-52E6-64DE-A028-CC0F8DF45D58}.Release|Any CPU.Build.0 = Release|Any CPU
	EndGlobalSection
	GlobalSection(SolutionProperties) = preSolution
		HideSolutionNode = FALSE
	EndGlobalSection
	GlobalSection(ExtensibilityGlobals) = postSolution
		SolutionGuid = {B4B3FD9F-A0D6-4037-832D-F544A1F7DE9C}
	EndGlobalSection
EndGlobal
